# THIS IS AN AUTOGENERATED FILE. DO NOT EDIT THIS FILE DIRECTLY.
# yarn lockfile v1


"@strictly-lang/compiler@~1.1.6":
  version "1.1.6"
  resolved "https://registry.yarnpkg.com/@strictly-lang/compiler/-/compiler-1.1.6.tgz#bec78fc94008f069095fcb3267c7de194a822d78"
  integrity sha512-RlkJbybtsDQdQoLd73+2MamHMNVeuF/ueW7sxuW51sJM7rYULCZTPgCO1uFoFvwh07XuU/mcZI+af4c/GUHPSg==
